
Microsoft Visual Studio Solution File, Format Version 12.00
# Visual Studio Version 16
VisualStudioVersion = 16.0.31321.278
MinimumVisualStudioVersion = 10.0.40219.1
Project("{FAE04EC0-301F-11D3-BF4B-00C04F79EFBC}") = "UniversityReception", "UniversityReception.csproj", "{CFA6F3E6-4977-44DB-B0F8-609FC25C3A15}"
EndProject
Project("{54435603-DBB4-11D2-8724-00A0C9A8B90C}") = "InstallerUR", "InstallerUR\InstallerUR.vdproj", "{6C5C1C11-CF84-4AE8-801D-979CA3653F03}"
EndProject
Global
	GlobalSection(SolutionConfigurationPlatforms) = preSolution
		Debug|Any CPU = Debug|Any CPU
		Release|Any CPU = Release|Any CPU
	EndGlobalSection
	GlobalSection(ProjectConfigurationPlatforms) = postSolution
		{CFA6F3E6-4977-44DB-B0F8-609FC25C3A15}.Debug|Any CPU.ActiveCfg = Debug|Any CPU
		{CFA6F3E6-4977-44DB-B0F8-609FC25C3A15}.Debug|Any CPU.Build.0 = Debug|Any CPU
		{CFA6F3E6-4977-44DB-B0F8-609FC25C3A15}.Release|Any CPU.ActiveCfg = Release|Any CPU
		{CFA6F3E6-4977-44DB-B0F8-609FC25C3A15}.Release|Any CPU.Build.0 = Release|Any CPU
		{6C5C1C11-CF84-4AE8-801D-979CA3653F03}.Debug|Any CPU.ActiveCfg = Debug
		{6C5C1C11-CF84-4AE8-801D-979CA3653F03}.Release|Any CPU.ActiveCfg = Release
	EndGlobalSection
	GlobalSection(SolutionProperties) = preSolution
		HideSolutionNode = FALSE
	EndGlobalSection
	GlobalSection(ExtensibilityGlobals) = postSolution
		SolutionGuid = {84009D04-7F01-4BB3-8C89-E1BB5E9A5598}
	EndGlobalSection
EndGlobal
